
Microsoft Visual Studio Solution File, Format Version 12.00
# Visual Studio 14
VisualStudioVersion = 14.0.24720.0
MinimumVisualStudioVersion = 10.0.40219.1
Project("{E24C65DC-7377-472B-9ABA-BC803B73C61A}") = "WA_WildLife", ".", "{7046706E-CBE0-4BF3-8C3C-371369520B6B}"
	ProjectSection(WebsiteProperties) = preProject
		TargetFrameworkMoniker = ".NETFramework,Version%3Dv4.0"
		Debug.AspNetCompiler.VirtualPath = "/localhost_50196"
		Debug.AspNetCompiler.PhysicalPath = "D:\Github\Ligtbox\SourceCode\WA_WildLife\"
		Debug.AspNetCompiler.TargetPath = "PrecompiledWeb\localhost_50196\"
		Debug.AspNetCompiler.Updateable = "true"
		Debug.AspNetCompiler.ForceOverwrite = "true"
		Debug.AspNetCompiler.FixedNames = "false"
		Debug.AspNetCompiler.Debug = "True"
		Release.AspNetCompiler.VirtualPath = "/localhost_50196"
		Release.AspNetCompiler.PhysicalPath = "D:\Github\Ligtbox\SourceCode\WA_WildLife\"
		Release.AspNetCompiler.TargetPath = "PrecompiledWeb\localhost_50196\"
		Release.AspNetCompiler.Updateable = "true"
		Release.AspNetCompiler.ForceOverwrite = "true"
		Release.AspNetCompiler.FixedNames = "false"
		Release.AspNetCompiler.Debug = "False"
		VWDPort = "50196"
	EndProjectSection
EndProject
Global
	GlobalSection(SolutionConfigurationPlatforms) = preSolution
		Debug|Any CPU = Debug|Any CPU
	EndGlobalSection
	GlobalSection(ProjectConfigurationPlatforms) = postSolution
		{7046706E-CBE0-4BF3-8C3C-371369520B6B}.Debug|Any CPU.ActiveCfg = Debug|Any CPU
		{7046706E-CBE0-4BF3-8C3C-371369520B6B}.Debug|Any CPU.Build.0 = Debug|Any CPU
	EndGlobalSection
	GlobalSection(SolutionProperties) = preSolution
		HideSolutionNode = FALSE
	EndGlobalSection
EndGlobal
